
Microsoft Visual Studio Solution File, Format Version 12.00
# Visual Studio Version 17
VisualStudioVersion = 17.5.33424.131
MinimumVisualStudioVersion = 10.0.40219.1
Project("{FAE04EC0-301F-11D3-BF4B-00C04F79EFBC}") = "Data", "Data\Data.csproj", "{F93F94EA-6978-43D3-BA33-6D90F9CEB45F}"
EndProject
Project("{FAE04EC0-301F-11D3-BF4B-00C04F79EFBC}") = "ApiUpExcel", "ApiUpExcel\ApiUpExcel.csproj", "{44EF5D47-CB50-4557-A6F4-2F617EA2CF3C}"
EndProject
Global
	GlobalSection(SolutionConfigurationPlatforms) = preSolution
		Debug|Any CPU = Debug|Any CPU
		Release|Any CPU = Release|Any CPU
	EndGlobalSection
	GlobalSection(ProjectConfigurationPlatforms) = postSolution
		{F93F94EA-6978-43D3-BA33-6D90F9CEB45F}.Debug|Any CPU.ActiveCfg = Debug|Any CPU
		{F93F94EA-6978-43D3-BA33-6D90F9CEB45F}.Debug|Any CPU.Build.0 = Debug|Any CPU
		{F93F94EA-6978-43D3-BA33-6D90F9CEB45F}.Release|Any CPU.ActiveCfg = Release|Any CPU
		{F93F94EA-6978-43D3-BA33-6D90F9CEB45F}.Release|Any CPU.Build.0 = Release|Any CPU
		{44EF5D47-CB50-4557-A6F4-2F617EA2CF3C}.Debug|Any CPU.ActiveCfg = Debug|Any CPU
		{44EF5D47-CB50-4557-A6F4-2F617EA2CF3C}.Debug|Any CPU.Build.0 = Debug|Any CPU
		{44EF5D47-CB50-4557-A6F4-2F617EA2CF3C}.Release|Any CPU.ActiveCfg = Release|Any CPU
		{44EF5D47-CB50-4557-A6F4-2F617EA2CF3C}.Release|Any CPU.Build.0 = Release|Any CPU
	EndGlobalSection
	GlobalSection(SolutionProperties) = preSolution
		HideSolutionNode = FALSE
	EndGlobalSection
	GlobalSection(ExtensibilityGlobals) = postSolution
		SolutionGuid = {71998537-F9FF-43AB-BA6F-AB6C2C67F6C2}
	EndGlobalSection
EndGlobal
